
Microsoft Visual Studio Solution File, Format Version 12.00
# Blend for Visual Studio Version 16
VisualStudioVersion = 16.0.31205.134
MinimumVisualStudioVersion = 10.0.40219.1
Project("{FAE04EC0-301F-11D3-BF4B-00C04F79EFBC}") = "PVCase_Task", "PVCase_Task.csproj", "{15C10DF1-D0DF-4124-A8A9-DD530CEA1939}"
EndProject
Global
	GlobalSection(SolutionConfigurationPlatforms) = preSolution
		Debug|Any CPU = Debug|Any CPU
		Release|Any CPU = Release|Any CPU
	EndGlobalSection
	GlobalSection(ProjectConfigurationPlatforms) = postSolution
		{15C10DF1-D0DF-4124-A8A9-DD530CEA1939}.Debug|Any CPU.ActiveCfg = Debug|Any CPU
		{15C10DF1-D0DF-4124-A8A9-DD530CEA1939}.Debug|Any CPU.Build.0 = Debug|Any CPU
		{15C10DF1-D0DF-4124-A8A9-DD530CEA1939}.Release|Any CPU.ActiveCfg = Release|Any CPU
		{15C10DF1-D0DF-4124-A8A9-DD530CEA1939}.Release|Any CPU.Build.0 = Release|Any CPU
	EndGlobalSection
	GlobalSection(SolutionProperties) = preSolution
		HideSolutionNode = FALSE
	EndGlobalSection
	GlobalSection(ExtensibilityGlobals) = postSolution
		SolutionGuid = {B1CBDD81-A9E5-4A90-9552-3CB701858A51}
	EndGlobalSection
EndGlobal
